
Microsoft Visual Studio Solution File, Format Version 12.00
# Visual Studio 15
VisualStudioVersion = 15.0.28307.645
MinimumVisualStudioVersion = 10.0.40219.1
Project("{9A19103F-16F7-4668-BE54-9A1E7A4F7556}") = "FilmLister.WebUI", "FilmLister.WebUI\FilmLister.WebUI.csproj", "{C1EC99A2-35C5-4829-941D-D00C33E18C76}"
EndProject
Project("{9A19103F-16F7-4668-BE54-9A1E7A4F7556}") = "FilmLister.Domain", "FilmLister.Domain\FilmLister.Domain.csproj", "{745A15BC-9A00-436A-95C2-DE22EA86109C}"
EndProject
Project("{9A19103F-16F7-4668-BE54-9A1E7A4F7556}") = "FilmLister.Service", "FilmLister.Service\FilmLister.Service.csproj", "{C87E6669-FF55-4388-AFF8-6215E996037A}"
EndProject
Project("{9A19103F-16F7-4668-BE54-9A1E7A4F7556}") = "FilmLister.Domain.Test", "FilmLister.Domain.Test\FilmLister.Domain.Test.csproj", "{9FFEFBBD-DF7B-4E17-9A97-BE8157DA9A8C}"
EndProject
Project("{9A19103F-16F7-4668-BE54-9A1E7A4F7556}") = "FilmLister.Server.Tests", "FilmLister.Server.Tests\FilmLister.Server.Tests.csproj", "{FD9238DA-7376-4903-ABD2-FF548B6D825C}"
EndProject
Project("{2150E333-8FDC-42A3-9474-1A3956D46DE8}") = "Solution Items", "Solution Items", "{FDE9B479-4FF9-460A-8F96-94DC3F17A9E8}"
	ProjectSection(SolutionItems) = preProject
		build.cake = build.cake
		dockerfile = dockerfile
		JenkinsRunWebUI.jdp = JenkinsRunWebUI.jdp
		licence.txt = licence.txt
		readme.md = readme.md
	EndProjectSection
EndProject
Project("{9A19103F-16F7-4668-BE54-9A1E7A4F7556}") = "FilmLister.WebUI.Models", "FilmLister.WebUI.Models\FilmLister.WebUI.Models.csproj", "{94C9C3FE-425C-4232-9737-6C6D45490E96}"
EndProject
Project("{9A19103F-16F7-4668-BE54-9A1E7A4F7556}") = "FilmLister.Persistence", "FilmLister.Persistence\FilmLister.Persistence.csproj", "{31C21DAB-0888-492E-8C7D-69BED2C0A63A}"
EndProject
Project("{9A19103F-16F7-4668-BE54-9A1E7A4F7556}") = "FilmLister.TmdbIntegration", "FilmLister.TmdbIntegration\FilmLister.TmdbIntegration.csproj", "{6B791B48-F77F-417D-8D1F-E56067860286}"
EndProject
Global
	GlobalSection(SolutionConfigurationPlatforms) = preSolution
		Debug|Any CPU = Debug|Any CPU
		Release|Any CPU = Release|Any CPU
	EndGlobalSection
	GlobalSection(ProjectConfigurationPlatforms) = postSolution
		{C1EC99A2-35C5-4829-941D-D00C33E18C76}.Debug|Any CPU.ActiveCfg = Debug|Any CPU
		{C1EC99A2-35C5-4829-941D-D00C33E18C76}.Debug|Any CPU.Build.0 = Debug|Any CPU
		{C1EC99A2-35C5-4829-941D-D00C33E18C76}.Release|Any CPU.ActiveCfg = Release|Any CPU
		{C1EC99A2-35C5-4829-941D-D00C33E18C76}.Release|Any CPU.Build.0 = Release|Any CPU
		{745A15BC-9A00-436A-95C2-DE22EA86109C}.Debug|Any CPU.ActiveCfg = Debug|Any CPU
		{745A15BC-9A00-436A-95C2-DE22EA86109C}.Debug|Any CPU.Build.0 = Debug|Any CPU
		{745A15BC-9A00-436A-95C2-DE22EA86109C}.Release|Any CPU.ActiveCfg = Release|Any CPU
		{745A15BC-9A00-436A-95C2-DE22EA86109C}.Release|Any CPU.Build.0 = Release|Any CPU
		{C87E6669-FF55-4388-AFF8-6215E996037A}.Debug|Any CPU.ActiveCfg = Debug|Any CPU
		{C87E6669-FF55-4388-AFF8-6215E996037A}.Debug|Any CPU.Build.0 = Debug|Any CPU
		{C87E6669-FF55-4388-AFF8-6215E996037A}.Release|Any CPU.ActiveCfg = Release|Any CPU
		{C87E6669-FF55-4388-AFF8-6215E996037A}.Release|Any CPU.Build.0 = Release|Any CPU
		{9FFEFBBD-DF7B-4E17-9A97-BE8157DA9A8C}.Debug|Any CPU.ActiveCfg = Debug|Any CPU
		{9FFEFBBD-DF7B-4E17-9A97-BE8157DA9A8C}.Debug|Any CPU.Build.0 = Debug|Any CPU
		{9FFEFBBD-DF7B-4E17-9A97-BE8157DA9A8C}.Release|Any CPU.ActiveCfg = Release|Any CPU
		{9FFEFBBD-DF7B-4E17-9A97-BE8157DA9A8C}.Release|Any CPU.Build.0 = Release|Any CPU
		{FD9238DA-7376-4903-ABD2-FF548B6D825C}.Debug|Any CPU.ActiveCfg = Debug|Any CPU
		{FD9238DA-7376-4903-ABD2-FF548B6D825C}.Debug|Any CPU.Build.0 = Debug|Any CPU
		{FD9238DA-7376-4903-ABD2-FF548B6D825C}.Release|Any CPU.ActiveCfg = Release|Any CPU
		{FD9238DA-7376-4903-ABD2-FF548B6D825C}.Release|Any CPU.Build.0 = Release|Any CPU
		{94C9C3FE-425C-4232-9737-6C6D45490E96}.Debug|Any CPU.ActiveCfg = Debug|Any CPU
		{94C9C3FE-425C-4232-9737-6C6D45490E96}.Debug|Any CPU.Build.0 = Debug|Any CPU
		{94C9C3FE-425C-4232-9737-6C6D45490E96}.Release|Any CPU.ActiveCfg = Release|Any CPU
		{94C9C3FE-425C-4232-9737-6C6D45490E96}.Release|Any CPU.Build.0 = Release|Any CPU
		{31C21DAB-0888-492E-8C7D-69BED2C0A63A}.Debug|Any CPU.ActiveCfg = Debug|Any CPU
		{31C21DAB-0888-492E-8C7D-69BED2C0A63A}.Debug|Any CPU.Build.0 = Debug|Any CPU
		{31C21DAB-0888-492E-8C7D-69BED2C0A63A}.Release|Any CPU.ActiveCfg = Release|Any CPU
		{31C21DAB-0888-492E-8C7D-69BED2C0A63A}.Release|Any CPU.Build.0 = Release|Any CPU
		{6B791B48-F77F-417D-8D1F-E56067860286}.Debug|Any CPU.ActiveCfg = Debug|Any CPU
		{6B791B48-F77F-417D-8D1F-E56067860286}.Debug|Any CPU.Build.0 = Debug|Any CPU
		{6B791B48-F77F-417D-8D1F-E56067860286}.Release|Any CPU.ActiveCfg = Release|Any CPU
		{6B791B48-F77F-417D-8D1F-E56067860286}.Release|Any CPU.Build.0 = Release|Any CPU
	EndGlobalSection
	GlobalSection(SolutionProperties) = preSolution
		HideSolutionNode = FALSE
	EndGlobalSection
	GlobalSection(ExtensibilityGlobals) = postSolution
		SolutionGuid = {BDE2747D-04FD-40EF-97DD-6245018ECE15}
	EndGlobalSection
EndGlobal
